// !$*UTF8*$!
{
	archiveVersion = 1;
	classes = {
	};
	objectVersion = 77;
	objects = {

/* Begin PBXContainerItemProxy section */
		79BA9FCB2EB2D19D00D92C01 /* PBXContainerItemProxy */ = {
			isa = PBXContainerItemProxy;
			containerPortal = 79BA9FB52EB2D19C00D92C01 /* Project object */;
			proxyType = 1;
			remoteGlobalIDString = 79BA9FBC2EB2D19C00D92C01;
			remoteInfo = BeautyCompareDemo;
		};
		79BA9FD52EB2D19D00D92C01 /* PBXContainerItemProxy */ = {
			isa = PBXContainerItemProxy;
			containerPortal = 79BA9FB52EB2D19C00D92C01 /* Project object */;
			proxyType = 1;
			remoteGlobalIDString = 79BA9FBC2EB2D19C00D92C01;
			remoteInfo = BeautyCompareDemo;
		};
/* End PBXContainerItemProxy section */

/* Begin PBXFileReference section */
		79BA9FBD2EB2D19C00D92C01 /* BeautyCompareDemo.app */ = {isa = PBXFileReference; explicitFileType = wrapper.application; includeInIndex = 0; path = BeautyCompareDemo.app; sourceTree = BUILT_PRODUCTS_DIR; };
		79BA9FCA2EB2D19D00D92C01 /* BeautyCompareDemoTests.xctest */ = {isa = PBXFileReference; explicitFileType = wrapper.cfbundle; includeInIndex = 0; path = BeautyCompareDemoTests.xctest; sourceTree = BUILT_PRODUCTS_DIR; };
		79BA9FD42EB2D19D00D92C01 /* BeautyCompareDemoUITests.xctest */ = {isa = PBXFileReference; explicitFileType = wrapper.cfbundle; includeInIndex = 0; path = BeautyCompareDemoUITests.xctest; sourceTree = BUILT_PRODUCTS_DIR; };
/* End PBXFileReference section */

/* Begin PBXFileSystemSynchronizedRootGroup section */
		79BA9FBF2EB2D19C00D92C01 /* BeautyCompareDemo */ = {
			isa = PBXFileSystemSynchronizedRootGroup;
			path = BeautyCompareDemo;
			sourceTree = "<group>";
		};
		79BA9FCD2EB2D19D00D92C01 /* BeautyCompareDemoTests */ = {
			isa = PBXFileSystemSynchronizedRootGroup;
			path = BeautyCompareDemoTests;
			sourceTree = "<group>";
		};
		79BA9FD72EB2D19D00D92C01 /* BeautyCompareDemoUITests */ = {
			isa = PBXFileSystemSynchronizedRootGroup;
			path = BeautyCompareDemoUITests;
			sourceTree = "<group>";
		};
/* End PBXFileSystemSynchronizedRootGroup section */

/* Begin PBXFrameworksBuildPhase section */
		79BA9FBA2EB2D19C00D92C01 /* Frameworks */ = {
			isa = PBXFrameworksBuildPhase;
			buildActionMask = 2147483647;
			files = (
			);
			runOnlyForDeploymentPostprocessing = 0;
		};
		79BA9FC72EB2D19D00D92C01 /* Frameworks */ = {
			isa = PBXFrameworksBuildPhase;
			buildActionMask = 2147483647;
			files = (
			);
			runOnlyForDeploymentPostprocessing = 0;
		};
		79BA9FD12EB2D19D00D92C01 /* Frameworks */ = {
			isa = PBXFrameworksBuildPhase;
			buildActionMask = 2147483647;
			files = (
			);
			runOnlyForDeploymentPostprocessing = 0;
		};
/* End PBXFrameworksBuildPhase section */

/* Begin PBXGroup section */
		79BA9FB42EB2D19C00D92C01 = {
			isa = PBXGroup;
			children = (
				79BA9FBF2EB2D19C00D92C01 /* BeautyCompareDemo */,
				79BA9FCD2EB2D19D00D92C01 /* BeautyCompareDemoTests */,
				79BA9FD72EB2D19D00D92C01 /* BeautyCompareDemoUITests */,
				79BA9FBE2EB2D19C00D92C01 /* Products */,
			);
			sourceTree = "<group>";
		};
		79BA9FBE2EB2D19C00D92C01 /* Products */ = {
			isa = PBXGroup;
			children = (
				79BA9FBD2EB2D19C00D92C01 /* BeautyCompareDemo.app */,
				79BA9FCA2EB2D19D00D92C01 /* BeautyCompareDemoTests.xctest */,
				79BA9FD42EB2D19D00D92C01 /* BeautyCompareDemoUITests.xctest */,
			);
			name = Products;
			sourceTree = "<group>";
		};
/* End PBXGroup section */

/* Begin PBXNativeTarget section */
		79BA9FBC2EB2D19C00D92C01 /* BeautyCompareDemo */ = {
			isa = PBXNativeTarget;
			buildConfigurationList = 79BA9FDE2EB2D19D00D92C01 /* Build configuration list for PBXNativeTarget "BeautyCompareDemo" */;
			buildPhases = (
				79BA9FB92EB2D19C00D92C01 /* Sources */,
				79BA9FBA2EB2D19C00D92C01 /* Frameworks */,
				79BA9FBB2EB2D19C00D92C01 /* Resources */,
			);
			buildRules = (
			);
			dependencies = (
			);
			fileSystemSynchronizedGroups = (
				79BA9FBF2EB2D19C00D92C01 /* BeautyCompareDemo */,
			);
			name = BeautyCompareDemo;
			packageProductDependencies = (
			);
			productName = BeautyCompareDemo;
			productReference = 79BA9FBD2EB2D19C00D92C01 /* BeautyCompareDemo.app */;
			productType = "com.apple.product-type.application";
		};
		79BA9FC92EB2D19D00D92C01 /* BeautyCompareDemoTests */ = {
			isa = PBXNativeTarget;
			buildConfigurationList = 79BA9FE12EB2D19D00D92C01 /* Build configuration list for PBXNativeTarget "BeautyCompareDemoTests" */;
			buildPhases = (
				79BA9FC62EB2D19D00D92C01 /* Sources */,
				79BA9FC72EB2D19D00D92C01 /* Frameworks */,
				79BA9FC82EB2D19D00D92C01 /* Resources */,
			);
			buildRules = (
			);
			dependencies = (
				79BA9FCC2EB2D19D00D92C01 /* PBXTargetDependency */,
			);
			fileSystemSynchronizedGroups = (
				79BA9FCD2EB2D19D00D92C01 /* BeautyCompareDemoTests */,
			);
			name = BeautyCompareDemoTests;
			packageProductDependencies = (
			);
			productName = BeautyCompareDemoTests;
			productReference = 79BA9FCA2EB2D19D00D92C01 /* BeautyCompareDemoTests.xctest */;
			productType = "com.apple.product-type.bundle.unit-test";
		};
		79BA9FD32EB2D19D00D92C01 /* BeautyCompareDemoUITests */ = {
			isa = PBXNativeTarget;
			buildConfigurationList = 79BA9FE42EB2D19D00D92C01 /* Build configuration list for PBXNativeTarget "BeautyCompareDemoUITests" */;
			buildPhases = (
				79BA9FD02EB2D19D00D92C01 /* Sources */,
				79BA9FD12EB2D19D00D92C01 /* Frameworks */,
				79BA9FD22EB2D19D00D92C01 /* Resources */,
			);
			buildRules = (
			);
			dependencies = (
				79BA9FD62EB2D19D00D92C01 /* PBXTargetDependency */,
			);
			fileSystemSynchronizedGroups = (
				79BA9FD72EB2D19D00D92C01 /* BeautyCompareDemoUITests */,
			);
			name = BeautyCompareDemoUITests;
			packageProductDependencies = (
			);
			productName = BeautyCompareDemoUITests;
			productReference = 79BA9FD42EB2D19D00D92C01 /* BeautyCompareDemoUITests.xctest */;
			productType = "com.apple.product-type.bundle.ui-testing";
		};
/* End PBXNativeTarget section */

/* Begin PBXProject section */
		79BA9FB52EB2D19C00D92C01 /* Project object */ = {
			isa = PBXProject;
			attributes = {
				BuildIndependentTargetsInParallel = 1;
				LastSwiftUpdateCheck = 2600;
				LastUpgradeCheck = 2600;
				TargetAttributes = {
					79BA9FBC2EB2D19C00D92C01 = {
						CreatedOnToolsVersion = 26.0.1;
					};
					79BA9FC92EB2D19D00D92C01 = {
						CreatedOnToolsVersion = 26.0.1;
						TestTargetID = 79BA9FBC2EB2D19C00D92C01;
					};
					79BA9FD32EB2D19D00D92C01 = {
						CreatedOnToolsVersion = 26.0.1;
						TestTargetID = 79BA9FBC2EB2D19C00D92C01;
					};
				};
			};
			buildConfigurationList = 79BA9FB82EB2D19C00D92C01 /* Build configuration list for PBXProject "BeautyCompareDemo" */;
			developmentRegion = en;
			hasScannedForEncodings = 0;
			knownRegions = (
				en,
				Base,
			);
			mainGroup = 79BA9FB42EB2D19C00D92C01;
			minimizedProjectReferenceProxies = 1;
			preferredProjectObjectVersion = 77;
			productRefGroup = 79BA9FBE2EB2D19C00D92C01 /* Products */;
			projectDirPath = "";
			projectRoot = "";
			targets = (
				79BA9FBC2EB2D19C00D92C01 /* BeautyCompareDemo */,
				79BA9FC92EB2D19D00D92C01 /* BeautyCompareDemoTests */,
				79BA9FD32EB2D19D00D92C01 /* BeautyCompareDemoUITests */,
			);
		};
/* End PBXProject section */

/* Begin PBXResourcesBuildPhase section */
		79BA9FBB2EB2D19C00D92C01 /* Resources */ = {
			isa = PBXResourcesBuildPhase;
			buildActionMask = 2147483647;
			files = (
			);
			runOnlyForDeploymentPostprocessing = 0;
		};
		79BA9FC82EB2D19D00D92C01 /* Resources */ = {
			isa = PBXResourcesBuildPhase;
			buildActionMask = 2147483647;
			files = (
			);
			runOnlyForDeploymentPostprocessing = 0;
		};
		79BA9FD22EB2D19D00D92C01 /* Resources */ = {
			isa = PBXResourcesBuildPhase;
			buildActionMask = 2147483647;
			files = (
			);
			runOnlyForDeploymentPostprocessing = 0;
		};
/* End PBXResourcesBuildPhase section */

/* Begin PBXSourcesBuildPhase section */
		79BA9FB92EB2D19C00D92C01 /* Sources */ = {
			isa = PBXSourcesBuildPhase;
			buildActionMask = 2147483647;
			files = (
			);
			runOnlyForDeploymentPostprocessing = 0;
		};
		79BA9FC62EB2D19D00D92C01 /* Sources */ = {
			isa = PBXSourcesBuildPhase;
			buildActionMask = 2147483647;
			files = (
			);
			runOnlyForDeploymentPostprocessing = 0;
		};
		79BA9FD02EB2D19D00D92C01 /* Sources */ = {
			isa = PBXSourcesBuildPhase;
			buildActionMask = 2147483647;
			files = (
			);
			runOnlyForDeploymentPostprocessing = 0;
		};
/* End PBXSourcesBuildPhase section */

/* Begin PBXTargetDependency section */
		79BA9FCC2EB2D19D00D92C01 /* PBXTargetDependency */ = {
			isa = PBXTargetDependency;
			target = 79BA9FBC2EB2D19C00D92C01 /* BeautyCompareDemo */;
			targetProxy = 79BA9FCB2EB2D19D00D92C01 /* PBXContainerItemProxy */;
		};
		79BA9FD62EB2D19D00D92C01 /* PBXTargetDependency */ = {
			isa = PBXTargetDependency;
			target = 79BA9FBC2EB2D19C00D92C01 /* BeautyCompareDemo */;
			targetProxy = 79BA9FD52EB2D19D00D92C01 /* PBXContainerItemProxy */;
		};
/* End PBXTargetDependency section */

/* Begin XCBuildConfiguration section */
		79BA9FDC2EB2D19D00D92C01 /* Debug */ = {
			isa = XCBuildConfiguration;
			buildSettings = {
				ALWAYS_SEARCH_USER_PATHS = NO;
				ASSETCATALOG_COMPILER_GENERATE_SWIFT_ASSET_SYMBOL_EXTENSIONS = YES;
				CLANG_ANALYZER_NONNULL = YES;
				CLANG_ANALYZER_NUMBER_OBJECT_CONVERSION = YES_AGGRESSIVE;
				CLANG_CXX_LANGUAGE_STANDARD = "gnu++20";
				CLANG_ENABLE_MODULES = YES;
				CLANG_ENABLE_OBJC_ARC = YES;
				CLANG_ENABLE_OBJC_WEAK = YES;
				CLANG_WARN_BLOCK_CAPTURE_AUTORELEASING = YES;
				CLANG_WARN_BOOL_CONVERSION = YES;
				CLANG_WARN_COMMA = YES;
				CLANG_WARN_CONSTANT_CONVERSION = YES;
				CLANG_WARN_DEPRECATED_OBJC_IMPLEMENTATIONS = YES;
				CLANG_WARN_DIRECT_OBJC_ISA_USAGE = YES_ERROR;
				CLANG_WARN_DOCUMENTATION_COMMENTS = YES;
				CLANG_WARN_EMPTY_BODY = YES;
				CLANG_WARN_ENUM_CONVERSION = YES;
				CLANG_WARN_INFINITE_RECURSION = YES;
				CLANG_WARN_INT_CONVERSION = YES;
				CLANG_WARN_NON_LITERAL_NULL_CONVERSION = YES;
				CLANG_WARN_OBJC_IMPLICIT_RETAIN_SELF = YES;
				CLANG_WARN_OBJC_LITERAL_CONVERSION = YES;
				CLANG_WARN_OBJC_ROOT_CLASS = YES_ERROR;
				CLANG_WARN_QUOTED_INCLUDE_IN_FRAMEWORK_HEADER = YES;
				CLANG_WARN_RANGE_LOOP_ANALYSIS = YES;
				CLANG_WARN_STRICT_PROTOTYPES = YES;
				CLANG_WARN_SUSPICIOUS_MOVE = YES;
				CLANG_WARN_UNGUARDED_AVAILABILITY = YES_AGGRESSIVE;
				CLANG_WARN_UNREACHABLE_CODE = YES;
				CLANG_WARN__DUPLICATE_METHOD_MATCH = YES;
				COPY_PHASE_STRIP = NO;
				DEBUG_INFORMATION_FORMAT = dwarf;
				ENABLE_STRICT_OBJC_MSGSEND = YES;
				ENABLE_TESTABILITY = YES;
				ENABLE_USER_SCRIPT_SANDBOXING = YES;
				GCC_C_LANGUAGE_STANDARD = gnu17;
				GCC_DYNAMIC_NO_PIC = NO;
				GCC_NO_COMMON_BLOCKS = YES;
				GCC_OPTIMIZATION_LEVEL = 0;
				GCC_PREPROCESSOR_DEFINITIONS = (
					"DEBUG=1",
					"$(inherited)",
				);
				GCC_WARN_64_TO_32_BIT_CONVERSION = YES;
				GCC_WARN_ABOUT_RETURN_TYPE = YES_ERROR;
				GCC_WARN_UNDECLARED_SELECTOR = YES;
				GCC_WARN_UNINITIALIZED_AUTOS = YES_AGGRESSIVE;
				GCC_WARN_UNUSED_FUNCTION = YES;
				GCC_WARN_UNUSED_VARIABLE = YES;
				IPHONEOS_DEPLOYMENT_TARGET = 26.0;
				LOCALIZATION_PREFERS_STRING_CATALOGS = YES;
				MTL_ENABLE_DEBUG_INFO = INCLUDE_SOURCE;
				MTL_FAST_MATH = YES;
				ONLY_ACTIVE_ARCH = YES;
				SDKROOT = iphoneos;
				SWIFT_ACTIVE_COMPILATION_CONDITIONS = "DEBUG $(inherited)";
				SWIFT_OPTIMIZATION_LEVEL = "-Onone";
			};
			name = Debug;
		};
		79BA9FDD2EB2D19D00D92C01 /* Release */ = {
			isa = XCBuildConfiguration;
			buildSettings = {
				ALWAYS_SEARCH_USER_PATHS = NO;
				ASSETCATALOG_COMPILER_GENERATE_SWIFT_ASSET_SYMBOL_EXTENSIONS = YES;
				CLANG_ANALYZER_NONNULL = YES;
				CLANG_ANALYZER_NUMBER_OBJECT_CONVERSION = YES_AGGRESSIVE;
				CLANG_CXX_LANGUAGE_STANDARD = "gnu++20";
				CLANG_ENABLE_MODULES = YES;
				CLANG_ENABLE_OBJC_ARC = YES;
				CLANG_ENABLE_OBJC_WEAK = YES;
				CLANG_WARN_BLOCK_CAPTURE_AUTORELEASING = YES;
				CLANG_WARN_BOOL_CONVERSION = YES;
				CLANG_WARN_COMMA = YES;
				CLANG_WARN_CONSTANT_CONVERSION = YES;
				CLANG_WARN_DEPRECATED_OBJC_IMPLEMENTATIONS = YES;
				CLANG_WARN_DIRECT_OBJC_ISA_USAGE = YES_ERROR;
				CLANG_WARN_DOCUMENTATION_COMMENTS = YES;
				CLANG_WARN_EMPTY_BODY = YES;
				CLANG_WARN_ENUM_CONVERSION = YES;
				CLANG_WARN_INFINITE_RECURSION = YES;
				CLANG_WARN_INT_CONVERSION = YES;
				CLANG_WARN_NON_LITERAL_NULL_CONVERSION = YES;
				CLANG_WARN_OBJC_IMPLICIT_RETAIN_SELF = YES;
				CLANG_WARN_OBJC_LITERAL_CONVERSION = YES;
				CLANG_WARN_OBJC_ROOT_CLASS = YES_ERROR;
				CLANG_WARN_QUOTED_INCLUDE_IN_FRAMEWORK_HEADER = YES;
				CLANG_WARN_RANGE_LOOP_ANALYSIS = YES;
				CLANG_WARN_STRICT_PROTOTYPES = YES;
				CLANG_WARN_SUSPICIOUS_MOVE = YES;
				CLANG_WARN_UNGUARDED_AVAILABILITY = YES_AGGRESSIVE;
				CLANG_WARN_UNREACHABLE_CODE = YES;
				CLANG_WARN__DUPLICATE_METHOD_MATCH = YES;
				COPY_PHASE_STRIP = NO;
				DEBUG_INFORMATION_FORMAT = "dwarf-with-dsym";
				ENABLE_NS_ASSERTIONS = NO;
				ENABLE_STRICT_OBJC_MSGSEND = YES;
				ENABLE_USER_SCRIPT_SANDBOXING = YES;
				GCC_C_LANGUAGE_STANDARD = gnu17;
				GCC_NO_COMMON_BLOCKS = YES;
				GCC_WARN_64_TO_32_BIT_CONVERSION = YES;
				GCC_WARN_ABOUT_RETURN_TYPE = YES_ERROR;
				GCC_WARN_UNDECLARED_SELECTOR = YES;
				GCC_WARN_UNINITIALIZED_AUTOS = YES_AGGRESSIVE;
				GCC_WARN_UNUSED_FUNCTION = YES;
				GCC_WARN_UNUSED_VARIABLE = YES;
				IPHONEOS_DEPLOYMENT_TARGET = 26.0;
				LOCALIZATION_PREFERS_STRING_CATALOGS = YES;
				MTL_ENABLE_DEBUG_INFO = NO;
				MTL_FAST_MATH = YES;
				SDKROOT = iphoneos;
				SWIFT_COMPILATION_MODE = wholemodule;
				VALIDATE_PRODUCT = YES;
			};
			name = Release;
		};
		79BA9FDF2EB2D19D00D92C01 /* Debug */ = {
			isa = XCBuildConfiguration;
			buildSettings = {
				ASSETCATALOG_COMPILER_APPICON_NAME = AppIcon;
				ASSETCATALOG_COMPILER_GLOBAL_ACCENT_COLOR_NAME = AccentColor;
				CODE_SIGN_STYLE = Automatic;
				CURRENT_PROJECT_VERSION = 1;
				ENABLE_PREVIEWS = YES;
				GENERATE_INFOPLIST_FILE = YES;
				INFOPLIST_KEY_UIApplicationSceneManifest_Generation = YES;
				INFOPLIST_KEY_UIApplicationSupportsIndirectInputEvents = YES;
				INFOPLIST_KEY_UILaunchScreen_Generation = YES;
				INFOPLIST_KEY_UISupportedInterfaceOrientations_iPad = "UIInterfaceOrientationPortrait UIInterfaceOrientationPortraitUpsideDown UIInterfaceOrientationLandscapeLeft UIInterfaceOrientationLandscapeRight";
				INFOPLIST_KEY_UISupportedInterfaceOrientations_iPhone = "UIInterfaceOrientationPortrait UIInterfaceOrientationLandscapeLeft UIInterfaceOrientationLandscapeRight";
				LD_RUNPATH_SEARCH_PATHS = (
					"$(inherited)",
					"@executable_path/Frameworks",
				);
				MARKETING_VERSION = 1.0;
				PRODUCT_BUNDLE_IDENTIFIER = com.vivi.BeautyCompareDemo;
				PRODUCT_NAME = "$(TARGET_NAME)";
				STRING_CATALOG_GENERATE_SYMBOLS = YES;
				SWIFT_APPROACHABLE_CONCURRENCY = YES;
				SWIFT_DEFAULT_ACTOR_ISOLATION = MainActor;
				SWIFT_EMIT_LOC_STRINGS = YES;
				SWIFT_UPCOMING_FEATURE_MEMBER_IMPORT_VISIBILITY = YES;
				SWIFT_VERSION = 5.0;
				TARGETED_DEVICE_FAMILY = "1,2";
			};
			name = Debug;
		};
		79BA9FE02EB2D19D00D92C01 /* Release */ = {
			isa = XCBuildConfiguration;
			buildSettings = {
				ASSETCATALOG_COMPILER_APPICON_NAME = AppIcon;
				ASSETCATALOG_COMPILER_GLOBAL_ACCENT_COLOR_NAME = AccentColor;
				CODE_SIGN_STYLE = Automatic;
				CURRENT_PROJECT_VERSION = 1;
				ENABLE_PREVIEWS = YES;
				GENERATE_INFOPLIST_FILE = YES;
				INFOPLIST_KEY_UIApplicationSceneManifest_Generation = YES;
				INFOPLIST_KEY_UIApplicationSupportsIndirectInputEvents = YES;
				INFOPLIST_KEY_UILaunchScreen_Generation = YES;
				INFOPLIST_KEY_UISupportedInterfaceOrientations_iPad = "UIInterfaceOrientationPortrait UIInterfaceOrientationPortraitUpsideDown UIInterfaceOrientationLandscapeLeft UIInterfaceOrientationLandscapeRight";
				INFOPLIST_KEY_UISupportedInterfaceOrientations_iPhone = "UIInterfaceOrientationPortrait UIInterfaceOrientationLandscapeLeft UIInterfaceOrientationLandscapeRight";
				LD_RUNPATH_SEARCH_PATHS = (
					"$(inherited)",
					"@executable_path/Frameworks",
				);
				MARKETING_VERSION = 1.0;
				PRODUCT_BUNDLE_IDENTIFIER = com.vivi.BeautyCompareDemo;
				PRODUCT_NAME = "$(TARGET_NAME)";
				STRING_CATALOG_GENERATE_SYMBOLS = YES;
				SWIFT_APPROACHABLE_CONCURRENCY = YES;
				SWIFT_DEFAULT_ACTOR_ISOLATION = MainActor;
				SWIFT_EMIT_LOC_STRINGS = YES;
				SWIFT_UPCOMING_FEATURE_MEMBER_IMPORT_VISIBILITY = YES;
				SWIFT_VERSION = 5.0;
				TARGETED_DEVICE_FAMILY = "1,2";
			};
			name = Release;
		};
		79BA9FE22EB2D19D00D92C01 /* Debug */ = {
			isa = XCBuildConfiguration;
			buildSettings = {
				BUNDLE_LOADER = "$(TEST_HOST)";
				CODE_SIGN_STYLE = Automatic;
				CURRENT_PROJECT_VERSION = 1;
				GENERATE_INFOPLIST_FILE = YES;
				IPHONEOS_DEPLOYMENT_TARGET = 26.0;
				MARKETING_VERSION = 1.0;
				PRODUCT_BUNDLE_IDENTIFIER = com.vivi.BeautyCompareDemoTests;
				PRODUCT_NAME = "$(TARGET_NAME)";
				STRING_CATALOG_GENERATE_SYMBOLS = NO;
				SWIFT_APPROACHABLE_CONCURRENCY = YES;
				SWIFT_EMIT_LOC_STRINGS = NO;
				SWIFT_UPCOMING_FEATURE_MEMBER_IMPORT_VISIBILITY = YES;
				SWIFT_VERSION = 5.0;
				TARGETED_DEVICE_FAMILY = "1,2";
				TEST_HOST = "$(BUILT_PRODUCTS_DIR)/BeautyCompareDemo.app/$(BUNDLE_EXECUTABLE_FOLDER_PATH)/BeautyCompareDemo";
			};
			name = Debug;
		};
		79BA9FE32EB2D19D00D92C01 /* Release */ = {
			isa = XCBuildConfiguration;
			buildSettings = {
				BUNDLE_LOADER = "$(TEST_HOST)";
				CODE_SIGN_STYLE = Automatic;
				CURRENT_PROJECT_VERSION = 1;
				GENERATE_INFOPLIST_FILE = YES;
				IPHONEOS_DEPLOYMENT_TARGET = 26.0;
				MARKETING_VERSION = 1.0;
				PRODUCT_BUNDLE_IDENTIFIER = com.vivi.BeautyCompareDemoTests;
				PRODUCT_NAME = "$(TARGET_NAME)";
				STRING_CATALOG_GENERATE_SYMBOLS = NO;
				SWIFT_APPROACHABLE_CONCURRENCY = YES;
				SWIFT_EMIT_LOC_STRINGS = NO;
				SWIFT_UPCOMING_FEATURE_MEMBER_IMPORT_VISIBILITY = YES;
				SWIFT_VERSION = 5.0;
				TARGETED_DEVICE_FAMILY = "1,2";
				TEST_HOST = "$(BUILT_PRODUCTS_DIR)/BeautyCompareDemo.app/$(BUNDLE_EXECUTABLE_FOLDER_PATH)/BeautyCompareDemo";
			};
			name = Release;
		};
		79BA9FE52EB2D19D00D92C01 /* Debug */ = {
			isa = XCBuildConfiguration;
			buildSettings = {
				CODE_SIGN_STYLE = Automatic;
				CURRENT_PROJECT_VERSION = 1;
				GENERATE_INFOPLIST_FILE = YES;
				MARKETING_VERSION = 1.0;
				PRODUCT_BUNDLE_IDENTIFIER = com.vivi.BeautyCompareDemoUITests;
				PRODUCT_NAME = "$(TARGET_NAME)";
				STRING_CATALOG_GENERATE_SYMBOLS = NO;
				SWIFT_APPROACHABLE_CONCURRENCY = YES;
				SWIFT_EMIT_LOC_STRINGS = NO;
				SWIFT_UPCOMING_FEATURE_MEMBER_IMPORT_VISIBILITY = YES;
				SWIFT_VERSION = 5.0;
				TARGETED_DEVICE_FAMILY = "1,2";
				TEST_TARGET_NAME = BeautyCompareDemo;
			};
			name = Debug;
		};
		79BA9FE62EB2D19D00D92C01 /* Release */ = {
			isa = XCBuildConfiguration;
			buildSettings = {
				CODE_SIGN_STYLE = Automatic;
				CURRENT_PROJECT_VERSION = 1;
				GENERATE_INFOPLIST_FILE = YES;
				MARKETING_VERSION = 1.0;
				PRODUCT_BUNDLE_IDENTIFIER = com.vivi.BeautyCompareDemoUITests;
				PRODUCT_NAME = "$(TARGET_NAME)";
				STRING_CATALOG_GENERATE_SYMBOLS = NO;
				SWIFT_APPROACHABLE_CONCURRENCY = YES;
				SWIFT_EMIT_LOC_STRINGS = NO;
				SWIFT_UPCOMING_FEATURE_MEMBER_IMPORT_VISIBILITY = YES;
				SWIFT_VERSION = 5.0;
				TARGETED_DEVICE_FAMILY = "1,2";
				TEST_TARGET_NAME = BeautyCompareDemo;
			};
			name = Release;
		};
/* End XCBuildConfiguration section */

/* Begin XCConfigurationList section */
		79BA9FB82EB2D19C00D92C01 /* Build configuration list for PBXProject "BeautyCompareDemo" */ = {
			isa = XCConfigurationList;
			buildConfigurations = (
				79BA9FDC2EB2D19D00D92C01 /* Debug */,
				79BA9FDD2EB2D19D00D92C01 /* Release */,
			);
			defaultConfigurationIsVisible = 0;
			defaultConfigurationName = Release;
		};
		79BA9FDE2EB2D19D00D92C01 /* Build configuration list for PBXNativeTarget "BeautyCompareDemo" */ = {
			isa = XCConfigurationList;
			buildConfigurations = (
				79BA9FDF2EB2D19D00D92C01 /* Debug */,
				79BA9FE02EB2D19D00D92C01 /* Release */,
			);
			defaultConfigurationIsVisible = 0;
			defaultConfigurationName = Release;
		};
		79BA9FE12EB2D19D00D92C01 /* Build configuration list for PBXNativeTarget "BeautyCompareDemoTests" */ = {
			isa = XCConfigurationList;
			buildConfigurations = (
				79BA9FE22EB2D19D00D92C01 /* Debug */,
				79BA9FE32EB2D19D00D92C01 /* Release */,
			);
			defaultConfigurationIsVisible = 0;
			defaultConfigurationName = Release;
		};
		79BA9FE42EB2D19D00D92C01 /* Build configuration list for PBXNativeTarget "BeautyCompareDemoUITests" */ = {
			isa = XCConfigurationList;
			buildConfigurations = (
				79BA9FE52EB2D19D00D92C01 /* Debug */,
				79BA9FE62EB2D19D00D92C01 /* Release */,
			);
			defaultConfigurationIsVisible = 0;
			defaultConfigurationName = Release;
		};
/* End XCConfigurationList section */
	};
	rootObject = 79BA9FB52EB2D19C00D92C01 /* Project object */;
}
